github.com/akavel/rsrc v0.8.0 h1:zjWn7ukO9Kc5Q62DOJCcxGpXC18RawVtYAGdz2aLlfw=
github.com/akavel/rsrc v0.8.0/go.mod h1:uLoCtb9J+EyAqh+26kdrTgmzRBFPGOolLWKpdxkKq+c=
github.com/gabriel-vasile/mimetype v0.3.20 h1:wmUgty+ILB2hg+g276vjPg0d4zQ5yu/BUJbxRRzNe+k=
github.com/gabriel-vasile/mimetype v0.3.20/go.mod h1:kMJbg3SlWZCsj4R73F1WDzbT9AyGCOVmUtIxxwO5pmI=
github.com/gorilla/schema v1.1.0 h1:CamqUDOFUBqzrvxuz2vEwo8+SUdwsluFh7IlzJh30LY=
github.com/gorilla/schema v1.1.0/go.mod h1:kgLaKoK1FELgZqMAVxx/5cbj0kT+57qxUrAlIO2eleU=
github.com/josephspurrier/goversioninfo v0.0.0-20190209210621-63e6d1acd3dd h1:KikNiFwUO3QLyeKyN4k9yBH9Pcu/gU/yficWi61cJIw=
github.com/josephspurrier/goversioninfo v0.0.0-20190209210621-63e6d1acd3dd/go.mod h1:eJTEwMjXb7kZ633hO3Ln9mBUCOjX2+FlTljvpl9SYdE=
github.com/ncruces/go-fs v0.0.0-20191007180110-4ef23905f796 h1:v5Ers5QvVRlM0nihWkqpQsIzYmhK7sO+b799ZjI8pmo=
github.com/ncruces/go-fs v0.0.0-20191007180110-4ef23905f796/go.mod h1:EsFXNA4Pk6FQk/cO2t+ZQFagBudrDLh4gAQx9n87DEg=
github.com/ncruces/go-image v0.0.0-20190520142809-d33da7ffdcb0 h1:4wyOQWsx20/IuXk1I204cqQdYR1JAEWDeGmrj/zTKm0=
github.com/ncruces/go-image v0.0.0-20190520142809-d33da7ffdcb0/go.mod h1:DUnNl2l0T6tEuK266gUGy3Xq8C+A/71XuoWsAHh8bzg=
github.com/ncruces/go-nativefiledialog v0.0.0-20190124125206-9f77be886838 h1:SoPWrteVgu4nPDSw9kzURet7y8mHaTZl9FilM+pND/k=
github.com/ncruces/go-nativefiledialog v0.0.0-20190124125206-9f77be886838/go.mod h1:Dd22P7cLu0d7PcGkjli9dOZH3n3B6ePajesxF5mBlGw=
github.com/ncruces/go-nativefiledialog v0.0.0-20191008160213-648665890c26 h1:EkahPQwWS2lbOpQOdWne65Y81y0YIBKprKVZqdEOpb0=
github.com/ncruces/go-nativefiledialog v0.0.0-20191008160213-648665890c26/go.mod h1:Dd22P7cLu0d7PcGkjli9dOZH3n3B6ePajesxF5mBlGw=
github.com/pkg/errors v0.8.1 h1:iURUrRGxPUNPdy5/HRSm+Yj6okJ6UtLINN0Q9M4+h3I=
github.com/pkg/errors v0.8.1/go.mod h1:bwawxfHBFNV+L2hUp1rHADufV3IMtnDRdf1r5NINEl0=
github.com/shurcooL/httpfs v0.0.0-20190707220628-8d4bc4ba7749 h1:bUGsEnyNbVPw06Bs80sCeARAlK8lhwqGyi6UT8ymuGk=
github.com/shurcooL/httpfs v0.0.0-20190707220628-8d4bc4ba7749/go.mod h1:ZY1cvUeJuFPAdZ/B6v7RHavJWZn2YPVFQ1OSXhCGOkg=
golang.org/x/crypto v0.0.0-20190308221718-c2843e01d9a2/go.mod h1:djNgcEr1/C05ACkg1iLfiJU5Ep61QUkGW8qpdssI0+w=
golang.org/x/net v0.0.0-20191007182048-72f939374954 h1:JGZucVF/L/TotR719NbujzadOZ2AgnYlqphQGHDCKaU=
golang.org/x/net v0.0.0-20191007182048-72f939374954/go.mod h1:z5CRVTTTmAJ677TzLLGU+0bjPO0LkuOLi4/5GtJWs/s=
golang.org/x/sys v0.0.0-20190215142949-d0b11bdaac8a/go.mod h1:STP8DvDyc/dI5b8T5hshtkjS+E42TnysNCUPdjciGhY=
golang.org/x/text v0.3.0 h1:g61tztE5qeGQ89tm6NTjjM9VPIm088od1l6aSorWRWg=
golang.org/x/text v0.3.0/go.mod h1:NqM8EUOU14njkJ3fqMW+pc6Ldnwhi/IjpwHt7yyuwOQ=
golang.org/x/text v0.3.2 h1:tW2bmiBqwgJj/UpqtC8EpXEZVYOwU0yG4iWbprSVAcs=
golang.org/x/text v0.3.2/go.mod h1:bEr9sfX3Q8Zfm5fL9x+3itogRgK3+ptLWKqgva+5dAk=
golang.org/x/tools v0.0.0-20180917221912-90fa682c2a6e/go.mod h1:n7NCudcB/nEzxVGmLbDWY5pfWTLqBcC2KZ6jyYvM4mQ=
